
Microsoft Visual Studio Solution File, Format Version 12.00
# Visual Studio Version 16
VisualStudioVersion = 16.0.31729.503
MinimumVisualStudioVersion = 10.0.40219.1
Project("{FAE04EC0-301F-11D3-BF4B-00C04F79EFBC}") = "PalenightTheme", "PalenightTheme\PalenightTheme.csproj", "{E3918717-AE1D-4B4E-915D-D4C6027FFFB4}"
EndProject
Global
	GlobalSection(SolutionConfigurationPlatforms) = preSolution
		Debug|Any CPU = Debug|Any CPU
		Release|Any CPU = Release|Any CPU
	EndGlobalSection
	GlobalSection(ProjectConfigurationPlatforms) = postSolution
		{E3918717-AE1D-4B4E-915D-D4C6027FFFB4}.Debug|Any CPU.ActiveCfg = Debug|Any CPU
		{E3918717-AE1D-4B4E-915D-D4C6027FFFB4}.Debug|Any CPU.Build.0 = Debug|Any CPU
		{E3918717-AE1D-4B4E-915D-D4C6027FFFB4}.Release|Any CPU.ActiveCfg = Release|Any CPU
		{E3918717-AE1D-4B4E-915D-D4C6027FFFB4}.Release|Any CPU.Build.0 = Release|Any CPU
	EndGlobalSection
	GlobalSection(SolutionProperties) = preSolution
		HideSolutionNode = FALSE
	EndGlobalSection
	GlobalSection(ExtensibilityGlobals) = postSolution
		SolutionGuid = {A96F0C59-ECDB-4D91-87DE-16EAB7B71566}
	EndGlobalSection
EndGlobal
